
Microsoft Visual Studio Solution File, Format Version 12.00
# Visual Studio Version 17
VisualStudioVersion = 17.4.33122.133
MinimumVisualStudioVersion = 10.0.40219.1
Project("{FAE04EC0-301F-11D3-BF4B-00C04F79EFBC}") = "ChatAPI.API", "ChatAPI.API\ChatAPI.API.csproj", "{627DE23F-ECA1-48CB-B48A-38A49938A10B}"
EndProject
Project("{2150E333-8FDC-42A3-9474-1A3956D46DE8}") = "src", "src", "{177AB4D0-AEC3-49AA-A01C-DF8D43EA8D98}"
EndProject
Project("{2150E333-8FDC-42A3-9474-1A3956D46DE8}") = "Api", "Api", "{CD054739-14F2-4C7C-B0F2-DCB8DD213EBD}"
EndProject
Project("{2150E333-8FDC-42A3-9474-1A3956D46DE8}") = "Core", "Core", "{C233DD7A-F177-422B-8988-BBC185A8A303}"
EndProject
Project("{2150E333-8FDC-42A3-9474-1A3956D46DE8}") = "Infrastructure", "Infrastructure", "{2D6A6183-36ED-4C0E-A56D-AFAE4F8D210A}"
EndProject
Project("{FAE04EC0-301F-11D3-BF4B-00C04F79EFBC}") = "ChatAPI.Application", "ChatAPI.Application\ChatAPI.Application.csproj", "{ED464866-CC14-4AF6-B05B-988370CC1AE0}"
EndProject
Project("{FAE04EC0-301F-11D3-BF4B-00C04F79EFBC}") = "ChatAPI.Domain", "ChatAPI.Domain\ChatAPI.Domain.csproj", "{DC1B4C3F-96E1-4674-8E20-13E42182F078}"
EndProject
Project("{FAE04EC0-301F-11D3-BF4B-00C04F79EFBC}") = "ChatAPI.Persistence", "ChatAPI.Persistence\ChatAPI.Persistence.csproj", "{5EFFE2ED-D668-4699-9B0E-5DA067269351}"
EndProject
Global
	GlobalSection(SolutionConfigurationPlatforms) = preSolution
		Debug|Any CPU = Debug|Any CPU
		Release|Any CPU = Release|Any CPU
	EndGlobalSection
	GlobalSection(ProjectConfigurationPlatforms) = postSolution
		{627DE23F-ECA1-48CB-B48A-38A49938A10B}.Debug|Any CPU.ActiveCfg = Debug|Any CPU
		{627DE23F-ECA1-48CB-B48A-38A49938A10B}.Debug|Any CPU.Build.0 = Debug|Any CPU
		{627DE23F-ECA1-48CB-B48A-38A49938A10B}.Release|Any CPU.ActiveCfg = Release|Any CPU
		{627DE23F-ECA1-48CB-B48A-38A49938A10B}.Release|Any CPU.Build.0 = Release|Any CPU
		{ED464866-CC14-4AF6-B05B-988370CC1AE0}.Debug|Any CPU.ActiveCfg = Debug|Any CPU
		{ED464866-CC14-4AF6-B05B-988370CC1AE0}.Debug|Any CPU.Build.0 = Debug|Any CPU
		{ED464866-CC14-4AF6-B05B-988370CC1AE0}.Release|Any CPU.ActiveCfg = Release|Any CPU
		{ED464866-CC14-4AF6-B05B-988370CC1AE0}.Release|Any CPU.Build.0 = Release|Any CPU
		{DC1B4C3F-96E1-4674-8E20-13E42182F078}.Debug|Any CPU.ActiveCfg = Debug|Any CPU
		{DC1B4C3F-96E1-4674-8E20-13E42182F078}.Debug|Any CPU.Build.0 = Debug|Any CPU
		{DC1B4C3F-96E1-4674-8E20-13E42182F078}.Release|Any CPU.ActiveCfg = Release|Any CPU
		{DC1B4C3F-96E1-4674-8E20-13E42182F078}.Release|Any CPU.Build.0 = Release|Any CPU
		{5EFFE2ED-D668-4699-9B0E-5DA067269351}.Debug|Any CPU.ActiveCfg = Debug|Any CPU
		{5EFFE2ED-D668-4699-9B0E-5DA067269351}.Debug|Any CPU.Build.0 = Debug|Any CPU
		{5EFFE2ED-D668-4699-9B0E-5DA067269351}.Release|Any CPU.ActiveCfg = Release|Any CPU
		{5EFFE2ED-D668-4699-9B0E-5DA067269351}.Release|Any CPU.Build.0 = Release|Any CPU
	EndGlobalSection
	GlobalSection(SolutionProperties) = preSolution
		HideSolutionNode = FALSE
	EndGlobalSection
	GlobalSection(NestedProjects) = preSolution
		{627DE23F-ECA1-48CB-B48A-38A49938A10B} = {CD054739-14F2-4C7C-B0F2-DCB8DD213EBD}
		{CD054739-14F2-4C7C-B0F2-DCB8DD213EBD} = {177AB4D0-AEC3-49AA-A01C-DF8D43EA8D98}
		{C233DD7A-F177-422B-8988-BBC185A8A303} = {177AB4D0-AEC3-49AA-A01C-DF8D43EA8D98}
		{2D6A6183-36ED-4C0E-A56D-AFAE4F8D210A} = {177AB4D0-AEC3-49AA-A01C-DF8D43EA8D98}
		{ED464866-CC14-4AF6-B05B-988370CC1AE0} = {C233DD7A-F177-422B-8988-BBC185A8A303}
		{DC1B4C3F-96E1-4674-8E20-13E42182F078} = {C233DD7A-F177-422B-8988-BBC185A8A303}
		{5EFFE2ED-D668-4699-9B0E-5DA067269351} = {2D6A6183-36ED-4C0E-A56D-AFAE4F8D210A}
	EndGlobalSection
	GlobalSection(ExtensibilityGlobals) = postSolution
		SolutionGuid = {DE38E94B-E0C4-43A8-8793-E393A3593F4A}
	EndGlobalSection
EndGlobal
